
Microsoft Visual Studio Solution File, Format Version 12.00
# Visual Studio 15
VisualStudioVersion = 15.0.26430.14
MinimumVisualStudioVersion = 10.0.40219.1
Project("{FAE04EC0-301F-11D3-BF4B-00C04F79EFBC}") = "ReactCalc", "ReactCalc\ReactCalc.csproj", "{3D59D8F8-C667-43E2-9A21-8C0A3A7A2714}"
EndProject
Project("{FAE04EC0-301F-11D3-BF4B-00C04F79EFBC}") = "TestCalc", "TestCalc\TestCalc.csproj", "{CCDBEA01-5673-402C-BF80-18CEBE263ED7}"
EndProject
Project("{FAE04EC0-301F-11D3-BF4B-00C04F79EFBC}") = "CalcBase", "CalcBase\CalcBase.csproj", "{529B93D1-0922-4F71-B85B-BC759939EA55}"
EndProject
Project("{FAE04EC0-301F-11D3-BF4B-00C04F79EFBC}") = "FactorialLibrery", "FactorialLibrery\FactorialLibrery.csproj", "{4E2515FE-D741-4422-86E2-E9306A454DD9}"
EndProject
Project("{FAE04EC0-301F-11D3-BF4B-00C04F79EFBC}") = "DevineLibrery", "DevineLibrery\DevineLibrery.csproj", "{2B367F7E-7AC5-4C7C-BAC5-39887232E13E}"
EndProject
Global
	GlobalSection(SolutionConfigurationPlatforms) = preSolution
		Debug|Any CPU = Debug|Any CPU
		Release|Any CPU = Release|Any CPU
	EndGlobalSection
	GlobalSection(ProjectConfigurationPlatforms) = postSolution
		{3D59D8F8-C667-43E2-9A21-8C0A3A7A2714}.Debug|Any CPU.ActiveCfg = Debug|Any CPU
		{3D59D8F8-C667-43E2-9A21-8C0A3A7A2714}.Debug|Any CPU.Build.0 = Debug|Any CPU
		{3D59D8F8-C667-43E2-9A21-8C0A3A7A2714}.Release|Any CPU.ActiveCfg = Release|Any CPU
		{3D59D8F8-C667-43E2-9A21-8C0A3A7A2714}.Release|Any CPU.Build.0 = Release|Any CPU
		{CCDBEA01-5673-402C-BF80-18CEBE263ED7}.Debug|Any CPU.ActiveCfg = Debug|Any CPU
		{CCDBEA01-5673-402C-BF80-18CEBE263ED7}.Debug|Any CPU.Build.0 = Debug|Any CPU
		{CCDBEA01-5673-402C-BF80-18CEBE263ED7}.Release|Any CPU.ActiveCfg = Release|Any CPU
		{CCDBEA01-5673-402C-BF80-18CEBE263ED7}.Release|Any CPU.Build.0 = Release|Any CPU
		{529B93D1-0922-4F71-B85B-BC759939EA55}.Debug|Any CPU.ActiveCfg = Debug|Any CPU
		{529B93D1-0922-4F71-B85B-BC759939EA55}.Debug|Any CPU.Build.0 = Debug|Any CPU
		{529B93D1-0922-4F71-B85B-BC759939EA55}.Release|Any CPU.ActiveCfg = Release|Any CPU
		{529B93D1-0922-4F71-B85B-BC759939EA55}.Release|Any CPU.Build.0 = Release|Any CPU
		{4E2515FE-D741-4422-86E2-E9306A454DD9}.Debug|Any CPU.ActiveCfg = Debug|Any CPU
		{4E2515FE-D741-4422-86E2-E9306A454DD9}.Debug|Any CPU.Build.0 = Debug|Any CPU
		{4E2515FE-D741-4422-86E2-E9306A454DD9}.Release|Any CPU.ActiveCfg = Release|Any CPU
		{4E2515FE-D741-4422-86E2-E9306A454DD9}.Release|Any CPU.Build.0 = Release|Any CPU
		{2B367F7E-7AC5-4C7C-BAC5-39887232E13E}.Debug|Any CPU.ActiveCfg = Debug|Any CPU
		{2B367F7E-7AC5-4C7C-BAC5-39887232E13E}.Debug|Any CPU.Build.0 = Debug|Any CPU
		{2B367F7E-7AC5-4C7C-BAC5-39887232E13E}.Release|Any CPU.ActiveCfg = Release|Any CPU
		{2B367F7E-7AC5-4C7C-BAC5-39887232E13E}.Release|Any CPU.Build.0 = Release|Any CPU
	EndGlobalSection
	GlobalSection(SolutionProperties) = preSolution
		HideSolutionNode = FALSE
	EndGlobalSection
EndGlobal
